
Microsoft Visual Studio Solution File, Format Version 12.00
# Visual Studio Version 17
VisualStudioVersion = 17.9.34622.214
MinimumVisualStudioVersion = 10.0.40219.1
Project("{2150E333-8FDC-42A3-9474-1A3956D46DE8}") = "Solution Items", "Solution Items", "{8557DCFF-516D-4DC5-B282-210B5614F9EE}"
	ProjectSection(SolutionItems) = preProject
		.editorconfig = .editorconfig
		.gitignore = .gitignore
		README.md = README.md
		spelling-exclusion.txt = spelling-exclusion.txt
	EndProjectSection
EndProject
Project("{FAE04EC0-301F-11D3-BF4B-00C04F79EFBC}") = "BlazorWithRefit", "BlazorWithRefit\BlazorWithRefit.csproj", "{D05874B8-B64E-4C4E-830A-A5801AC8BBA9}"
EndProject
Project("{FAE04EC0-301F-11D3-BF4B-00C04F79EFBC}") = "BlazorWithRefit.Client", "BlazorWithRefit.Client\BlazorWithRefit.Client.csproj", "{5E717FF7-D4C1-433A-A762-38BF66E73E8C}"
EndProject
Project("{FAE04EC0-301F-11D3-BF4B-00C04F79EFBC}") = "BlazorWithRefit.Contracts", "BlazorWithRefit.Contracts\BlazorWithRefit.Contracts.csproj", "{D863C588-5C5C-4E72-B179-8091E70D1A82}"
EndProject
Global
	GlobalSection(SolutionConfigurationPlatforms) = preSolution
		Debug|Any CPU = Debug|Any CPU
		Release|Any CPU = Release|Any CPU
	EndGlobalSection
	GlobalSection(ProjectConfigurationPlatforms) = postSolution
		{D05874B8-B64E-4C4E-830A-A5801AC8BBA9}.Debug|Any CPU.ActiveCfg = Debug|Any CPU
		{D05874B8-B64E-4C4E-830A-A5801AC8BBA9}.Debug|Any CPU.Build.0 = Debug|Any CPU
		{D05874B8-B64E-4C4E-830A-A5801AC8BBA9}.Release|Any CPU.ActiveCfg = Release|Any CPU
		{D05874B8-B64E-4C4E-830A-A5801AC8BBA9}.Release|Any CPU.Build.0 = Release|Any CPU
		{5E717FF7-D4C1-433A-A762-38BF66E73E8C}.Debug|Any CPU.ActiveCfg = Debug|Any CPU
		{5E717FF7-D4C1-433A-A762-38BF66E73E8C}.Debug|Any CPU.Build.0 = Debug|Any CPU
		{5E717FF7-D4C1-433A-A762-38BF66E73E8C}.Release|Any CPU.ActiveCfg = Release|Any CPU
		{5E717FF7-D4C1-433A-A762-38BF66E73E8C}.Release|Any CPU.Build.0 = Release|Any CPU
		{D863C588-5C5C-4E72-B179-8091E70D1A82}.Debug|Any CPU.ActiveCfg = Debug|Any CPU
		{D863C588-5C5C-4E72-B179-8091E70D1A82}.Debug|Any CPU.Build.0 = Debug|Any CPU
		{D863C588-5C5C-4E72-B179-8091E70D1A82}.Release|Any CPU.ActiveCfg = Release|Any CPU
		{D863C588-5C5C-4E72-B179-8091E70D1A82}.Release|Any CPU.Build.0 = Release|Any CPU
	EndGlobalSection
	GlobalSection(SolutionProperties) = preSolution
		HideSolutionNode = FALSE
	EndGlobalSection
	GlobalSection(ExtensibilityGlobals) = postSolution
		SolutionGuid = {62E97FB8-E441-4408-BA4D-9241F936AE38}
	EndGlobalSection
EndGlobal
